# generated by rye
# use `rye lock` or `rye sync` to update this lockfile
#
# last locked with the following flags:
#   pre: false
#   features: []
#   all-features: false
#   with-sources: false
#   generate-hashes: false
#   universal: false

-e file:.
aiohappyeyeballs==2.6.1
    # via aiohttp
aiohttp==3.11.16
    # via python-binance
aiosignal==1.3.2
    # via aiohttp
alembic==1.15.2
    # via crypto-alpha-python
annotated-types==0.7.0
    # via pydantic
anyio==4.9.0
    # via httpx
    # via starlette
asyncpg==0.30.0
    # via crypto-alpha-python
attrs==25.3.0
    # via aiohttp
backoff==2.2.1
    # via coinbase-advanced-py
bcrypt==4.3.0
    # via passlib
certifi==2025.1.31
    # via httpcore
    # via httpx
    # via requests
cffi==1.17.1
    # via cryptography
charset-normalizer==3.4.1
    # via requests
click==8.1.8
    # via uvicorn
coinbase-advanced-py==1.8.2
    # via crypto-alpha-python
cryptography==44.0.2
    # via coinbase-advanced-py
    # via python-jose
dateparser==1.2.1
    # via python-binance
ecdsa==0.19.1
    # via python-jose
fastapi==0.115.12
    # via crypto-alpha-python
frozenlist==1.5.0
    # via aiohttp
    # via aiosignal
greenlet==3.1.1
    # via sqlalchemy
h11==0.14.0
    # via httpcore
    # via uvicorn
httpcore==1.0.7
    # via httpx
httpx==0.28.1
    # via crypto-alpha-python
idna==3.10
    # via anyio
    # via httpx
    # via requests
    # via yarl
mako==1.3.9
    # via alembic
markupsafe==3.0.2
    # via mako
multidict==6.3.2
    # via aiohttp
    # via yarl
numpy==2.2.4
    # via crypto-alpha-python
    # via pandas
pandas==2.2.3
    # via crypto-alpha-python
passlib==1.7.4
    # via crypto-alpha-python
prometheus-client==0.21.1
    # via crypto-alpha-python
propcache==0.3.1
    # via aiohttp
    # via yarl
pyasn1==0.4.8
    # via python-jose
    # via rsa
pycparser==2.22
    # via cffi
pycryptodome==3.22.0
    # via python-binance
pydantic==2.11.1
    # via crypto-alpha-python
    # via fastapi
    # via pydantic-settings
    # via sqlmodel
pydantic-core==2.33.0
    # via pydantic
pydantic-settings==2.8.1
    # via crypto-alpha-python
pyjwt==2.10.1
    # via coinbase-advanced-py
python-binance==1.0.28
    # via crypto-alpha-python
python-dateutil==2.9.0.post0
    # via dateparser
    # via pandas
python-dotenv==1.1.0
    # via crypto-alpha-python
    # via pydantic-settings
python-jose==3.4.0
    # via crypto-alpha-python
python-multipart==0.0.20
    # via crypto-alpha-python
pytz==2025.2
    # via dateparser
    # via pandas
redis==5.2.1
    # via crypto-alpha-python
regex==2024.11.6
    # via dateparser
requests==2.32.3
    # via coinbase-advanced-py
    # via python-binance
rsa==4.9
    # via python-jose
six==1.17.0
    # via ecdsa
    # via python-binance
    # via python-dateutil
sniffio==1.3.1
    # via anyio
sqlalchemy==2.0.40
    # via alembic
    # via sqlmodel
sqlmodel==0.0.24
    # via crypto-alpha-python
starlette==0.46.1
    # via fastapi
tenacity==9.1.2
    # via crypto-alpha-python
typing-extensions==4.13.0
    # via alembic
    # via fastapi
    # via pydantic
    # via pydantic-core
    # via sqlalchemy
    # via typing-inspection
typing-inspection==0.4.0
    # via pydantic
tzdata==2025.2
    # via pandas
tzlocal==5.3.1
    # via dateparser
urllib3==2.3.0
    # via requests
uvicorn==0.34.0
    # via crypto-alpha-python
websockets==13.1
    # via coinbase-advanced-py
    # via crypto-alpha-python
    # via python-binance
yarl==1.18.3
    # via aiohttp
